
Microsoft Visual Studio Solution File, Format Version 12.00
# Visual Studio 14
VisualStudioVersion = 14.0.25123.0
MinimumVisualStudioVersion = 10.0.40219.1
Project("{FAE04EC0-301F-11D3-BF4B-00C04F79EFBC}") = "ViewShowingConcept.Core", "ViewShowingConcept.Core\ViewShowingConcept.Core.csproj", "{A96856E1-9732-4496-85B3-B9D0361A47F3}"
EndProject
Project("{FAE04EC0-301F-11D3-BF4B-00C04F79EFBC}") = "ViewShowingConcept.Android", "ViewShowingConcept.Android\ViewShowingConcept.Android.csproj", "{2A59B75F-F1CD-4ABF-8391-64106B9468C5}"
EndProject
Project("{FAE04EC0-301F-11D3-BF4B-00C04F79EFBC}") = "ViewShowingConcept.Ios", "ViewShowingConcept.Ios\ViewShowingConcept.Ios.csproj", "{BC9AF025-EDF0-48E1-9394-7276FE4AA04C}"
EndProject
Global
	GlobalSection(SolutionConfigurationPlatforms) = preSolution
		Ad-Hoc|Any CPU = Ad-Hoc|Any CPU
		Ad-Hoc|iPhone = Ad-Hoc|iPhone
		Ad-Hoc|iPhoneSimulator = Ad-Hoc|iPhoneSimulator
		Ad-Hoc|x86 = Ad-Hoc|x86
		AppStore|Any CPU = AppStore|Any CPU
		AppStore|iPhone = AppStore|iPhone
		AppStore|iPhoneSimulator = AppStore|iPhoneSimulator
		AppStore|x86 = AppStore|x86
		Debug|Any CPU = Debug|Any CPU
		Debug|iPhone = Debug|iPhone
		Debug|iPhoneSimulator = Debug|iPhoneSimulator
		Debug|x86 = Debug|x86
		Release|Any CPU = Release|Any CPU
		Release|iPhone = Release|iPhone
		Release|iPhoneSimulator = Release|iPhoneSimulator
		Release|x86 = Release|x86
	EndGlobalSection
	GlobalSection(ProjectConfigurationPlatforms) = postSolution
		{A96856E1-9732-4496-85B3-B9D0361A47F3}.Ad-Hoc|Any CPU.ActiveCfg = Release|Any CPU
		{A96856E1-9732-4496-85B3-B9D0361A47F3}.Ad-Hoc|Any CPU.Build.0 = Release|Any CPU
		{A96856E1-9732-4496-85B3-B9D0361A47F3}.Ad-Hoc|iPhone.ActiveCfg = Release|Any CPU
		{A96856E1-9732-4496-85B3-B9D0361A47F3}.Ad-Hoc|iPhone.Build.0 = Release|Any CPU
		{A96856E1-9732-4496-85B3-B9D0361A47F3}.Ad-Hoc|iPhoneSimulator.ActiveCfg = Release|Any CPU
		{A96856E1-9732-4496-85B3-B9D0361A47F3}.Ad-Hoc|iPhoneSimulator.Build.0 = Release|Any CPU
		{A96856E1-9732-4496-85B3-B9D0361A47F3}.Ad-Hoc|x86.ActiveCfg = Debug|Any CPU
		{A96856E1-9732-4496-85B3-B9D0361A47F3}.Ad-Hoc|x86.Build.0 = Debug|Any CPU
		{A96856E1-9732-4496-85B3-B9D0361A47F3}.AppStore|Any CPU.ActiveCfg = Release|Any CPU
		{A96856E1-9732-4496-85B3-B9D0361A47F3}.AppStore|Any CPU.Build.0 = Release|Any CPU
		{A96856E1-9732-4496-85B3-B9D0361A47F3}.AppStore|iPhone.ActiveCfg = Release|Any CPU
		{A96856E1-9732-4496-85B3-B9D0361A47F3}.AppStore|iPhone.Build.0 = Release|Any CPU
		{A96856E1-9732-4496-85B3-B9D0361A47F3}.AppStore|iPhoneSimulator.ActiveCfg = Release|Any CPU
		{A96856E1-9732-4496-85B3-B9D0361A47F3}.AppStore|iPhoneSimulator.Build.0 = Release|Any CPU
		{A96856E1-9732-4496-85B3-B9D0361A47F3}.AppStore|x86.ActiveCfg = Debug|Any CPU
		{A96856E1-9732-4496-85B3-B9D0361A47F3}.AppStore|x86.Build.0 = Debug|Any CPU
		{A96856E1-9732-4496-85B3-B9D0361A47F3}.Debug|Any CPU.ActiveCfg = Debug|Any CPU
		{A96856E1-9732-4496-85B3-B9D0361A47F3}.Debug|Any CPU.Build.0 = Debug|Any CPU
		{A96856E1-9732-4496-85B3-B9D0361A47F3}.Debug|iPhone.ActiveCfg = Debug|Any CPU
		{A96856E1-9732-4496-85B3-B9D0361A47F3}.Debug|iPhone.Build.0 = Debug|Any CPU
		{A96856E1-9732-4496-85B3-B9D0361A47F3}.Debug|iPhoneSimulator.ActiveCfg = Debug|Any CPU
		{A96856E1-9732-4496-85B3-B9D0361A47F3}.Debug|iPhoneSimulator.Build.0 = Debug|Any CPU
		{A96856E1-9732-4496-85B3-B9D0361A47F3}.Debug|x86.ActiveCfg = Debug|Any CPU
		{A96856E1-9732-4496-85B3-B9D0361A47F3}.Debug|x86.Build.0 = Debug|Any CPU
		{A96856E1-9732-4496-85B3-B9D0361A47F3}.Release|Any CPU.ActiveCfg = Release|Any CPU
		{A96856E1-9732-4496-85B3-B9D0361A47F3}.Release|Any CPU.Build.0 = Release|Any CPU
		{A96856E1-9732-4496-85B3-B9D0361A47F3}.Release|iPhone.ActiveCfg = Release|Any CPU
		{A96856E1-9732-4496-85B3-B9D0361A47F3}.Release|iPhone.Build.0 = Release|Any CPU
		{A96856E1-9732-4496-85B3-B9D0361A47F3}.Release|iPhoneSimulator.ActiveCfg = Release|Any CPU
		{A96856E1-9732-4496-85B3-B9D0361A47F3}.Release|iPhoneSimulator.Build.0 = Release|Any CPU
		{A96856E1-9732-4496-85B3-B9D0361A47F3}.Release|x86.ActiveCfg = Release|Any CPU
		{A96856E1-9732-4496-85B3-B9D0361A47F3}.Release|x86.Build.0 = Release|Any CPU
		{2A59B75F-F1CD-4ABF-8391-64106B9468C5}.Ad-Hoc|Any CPU.ActiveCfg = Release|Any CPU
		{2A59B75F-F1CD-4ABF-8391-64106B9468C5}.Ad-Hoc|iPhone.ActiveCfg = Release|Any CPU
		{2A59B75F-F1CD-4ABF-8391-64106B9468C5}.Ad-Hoc|iPhoneSimulator.ActiveCfg = Release|Any CPU
		{2A59B75F-F1CD-4ABF-8391-64106B9468C5}.Ad-Hoc|x86.ActiveCfg = Debug|Any CPU
		{2A59B75F-F1CD-4ABF-8391-64106B9468C5}.Ad-Hoc|x86.Build.0 = Debug|Any CPU
		{2A59B75F-F1CD-4ABF-8391-64106B9468C5}.Ad-Hoc|x86.Deploy.0 = Debug|Any CPU
		{2A59B75F-F1CD-4ABF-8391-64106B9468C5}.AppStore|Any CPU.ActiveCfg = Release|Any CPU
		{2A59B75F-F1CD-4ABF-8391-64106B9468C5}.AppStore|iPhone.ActiveCfg = Release|Any CPU
		{2A59B75F-F1CD-4ABF-8391-64106B9468C5}.AppStore|iPhoneSimulator.ActiveCfg = Release|Any CPU
		{2A59B75F-F1CD-4ABF-8391-64106B9468C5}.AppStore|x86.ActiveCfg = Debug|Any CPU
		{2A59B75F-F1CD-4ABF-8391-64106B9468C5}.AppStore|x86.Build.0 = Debug|Any CPU
		{2A59B75F-F1CD-4ABF-8391-64106B9468C5}.AppStore|x86.Deploy.0 = Debug|Any CPU
		{2A59B75F-F1CD-4ABF-8391-64106B9468C5}.Debug|Any CPU.ActiveCfg = Debug|Any CPU
		{2A59B75F-F1CD-4ABF-8391-64106B9468C5}.Debug|Any CPU.Build.0 = Debug|Any CPU
		{2A59B75F-F1CD-4ABF-8391-64106B9468C5}.Debug|Any CPU.Deploy.0 = Debug|Any CPU
		{2A59B75F-F1CD-4ABF-8391-64106B9468C5}.Debug|iPhone.ActiveCfg = Debug|Any CPU
		{2A59B75F-F1CD-4ABF-8391-64106B9468C5}.Debug|iPhoneSimulator.ActiveCfg = Debug|Any CPU
		{2A59B75F-F1CD-4ABF-8391-64106B9468C5}.Debug|x86.ActiveCfg = Debug|Any CPU
		{2A59B75F-F1CD-4ABF-8391-64106B9468C5}.Debug|x86.Build.0 = Debug|Any CPU
		{2A59B75F-F1CD-4ABF-8391-64106B9468C5}.Debug|x86.Deploy.0 = Debug|Any CPU
		{2A59B75F-F1CD-4ABF-8391-64106B9468C5}.Release|Any CPU.ActiveCfg = Release|Any CPU
		{2A59B75F-F1CD-4ABF-8391-64106B9468C5}.Release|Any CPU.Build.0 = Release|Any CPU
		{2A59B75F-F1CD-4ABF-8391-64106B9468C5}.Release|Any CPU.Deploy.0 = Release|Any CPU
		{2A59B75F-F1CD-4ABF-8391-64106B9468C5}.Release|iPhone.ActiveCfg = Release|Any CPU
		{2A59B75F-F1CD-4ABF-8391-64106B9468C5}.Release|iPhoneSimulator.ActiveCfg = Release|Any CPU
		{2A59B75F-F1CD-4ABF-8391-64106B9468C5}.Release|x86.ActiveCfg = Release|Any CPU
		{2A59B75F-F1CD-4ABF-8391-64106B9468C5}.Release|x86.Build.0 = Release|Any CPU
		{2A59B75F-F1CD-4ABF-8391-64106B9468C5}.Release|x86.Deploy.0 = Release|Any CPU
		{BC9AF025-EDF0-48E1-9394-7276FE4AA04C}.Ad-Hoc|Any CPU.ActiveCfg = Ad-Hoc|iPhone
		{BC9AF025-EDF0-48E1-9394-7276FE4AA04C}.Ad-Hoc|iPhone.ActiveCfg = Ad-Hoc|iPhone
		{BC9AF025-EDF0-48E1-9394-7276FE4AA04C}.Ad-Hoc|iPhone.Build.0 = Ad-Hoc|iPhone
		{BC9AF025-EDF0-48E1-9394-7276FE4AA04C}.Ad-Hoc|iPhoneSimulator.ActiveCfg = Ad-Hoc|iPhoneSimulator
		{BC9AF025-EDF0-48E1-9394-7276FE4AA04C}.Ad-Hoc|iPhoneSimulator.Build.0 = Ad-Hoc|iPhoneSimulator
		{BC9AF025-EDF0-48E1-9394-7276FE4AA04C}.Ad-Hoc|x86.ActiveCfg = Ad-Hoc|iPhoneSimulator
		{BC9AF025-EDF0-48E1-9394-7276FE4AA04C}.AppStore|Any CPU.ActiveCfg = AppStore|iPhone
		{BC9AF025-EDF0-48E1-9394-7276FE4AA04C}.AppStore|iPhone.ActiveCfg = AppStore|iPhone
		{BC9AF025-EDF0-48E1-9394-7276FE4AA04C}.AppStore|iPhone.Build.0 = AppStore|iPhone
		{BC9AF025-EDF0-48E1-9394-7276FE4AA04C}.AppStore|iPhoneSimulator.ActiveCfg = AppStore|iPhoneSimulator
		{BC9AF025-EDF0-48E1-9394-7276FE4AA04C}.AppStore|iPhoneSimulator.Build.0 = AppStore|iPhoneSimulator
		{BC9AF025-EDF0-48E1-9394-7276FE4AA04C}.AppStore|x86.ActiveCfg = AppStore|iPhoneSimulator
		{BC9AF025-EDF0-48E1-9394-7276FE4AA04C}.Debug|Any CPU.ActiveCfg = Debug|iPhone
		{BC9AF025-EDF0-48E1-9394-7276FE4AA04C}.Debug|iPhone.ActiveCfg = Debug|iPhone
		{BC9AF025-EDF0-48E1-9394-7276FE4AA04C}.Debug|iPhone.Build.0 = Debug|iPhone
		{BC9AF025-EDF0-48E1-9394-7276FE4AA04C}.Debug|iPhoneSimulator.ActiveCfg = Debug|iPhoneSimulator
		{BC9AF025-EDF0-48E1-9394-7276FE4AA04C}.Debug|iPhoneSimulator.Build.0 = Debug|iPhoneSimulator
		{BC9AF025-EDF0-48E1-9394-7276FE4AA04C}.Debug|x86.ActiveCfg = Debug|iPhoneSimulator
		{BC9AF025-EDF0-48E1-9394-7276FE4AA04C}.Release|Any CPU.ActiveCfg = Release|iPhone
		{BC9AF025-EDF0-48E1-9394-7276FE4AA04C}.Release|iPhone.ActiveCfg = Release|iPhone
		{BC9AF025-EDF0-48E1-9394-7276FE4AA04C}.Release|iPhone.Build.0 = Release|iPhone
		{BC9AF025-EDF0-48E1-9394-7276FE4AA04C}.Release|iPhoneSimulator.ActiveCfg = Release|iPhoneSimulator
		{BC9AF025-EDF0-48E1-9394-7276FE4AA04C}.Release|iPhoneSimulator.Build.0 = Release|iPhoneSimulator
		{BC9AF025-EDF0-48E1-9394-7276FE4AA04C}.Release|x86.ActiveCfg = Release|iPhoneSimulator
	EndGlobalSection
	GlobalSection(SolutionProperties) = preSolution
		HideSolutionNode = FALSE
	EndGlobalSection
EndGlobal
